
Microsoft Visual Studio Solution File, Format Version 12.00
# Visual Studio Version 16
VisualStudioVersion = 16.0.30907.101
MinimumVisualStudioVersion = 10.0.40219.1
Project("{FAE04EC0-301F-11D3-BF4B-00C04F79EFBC}") = "DevExpress.MailClient.Win", "DevExpress.MailClient.Win\DevExpress.MailClient.Win.csproj", "{1C2E33FD-0D9D-423E-A02A-F457A94C97D6}"
EndProject
Project("{FAE04EC0-301F-11D3-BF4B-00C04F79EFBC}") = "MailClient.Data.Library", "MailClient.Data\MailClient.Data.Library.csproj", "{469F6284-E475-4697-ABDD-30FB0A40CDF5}"
EndProject
Project("{FAE04EC0-301F-11D3-BF4B-00C04F79EFBC}") = "MailClient.Service.Library", "MailClient.Data.Service.Library\MailClient.Service.Library.csproj", "{D8EFE6FD-7A74-42E1-B216-05F5DBC7C14F}"
EndProject
Global
	GlobalSection(SolutionConfigurationPlatforms) = preSolution
		Debug|Any CPU = Debug|Any CPU
		Release|Any CPU = Release|Any CPU
	EndGlobalSection
	GlobalSection(ProjectConfigurationPlatforms) = postSolution
		{1C2E33FD-0D9D-423E-A02A-F457A94C97D6}.Debug|Any CPU.ActiveCfg = Debug|Any CPU
		{1C2E33FD-0D9D-423E-A02A-F457A94C97D6}.Debug|Any CPU.Build.0 = Debug|Any CPU
		{1C2E33FD-0D9D-423E-A02A-F457A94C97D6}.Release|Any CPU.ActiveCfg = Release|Any CPU
		{1C2E33FD-0D9D-423E-A02A-F457A94C97D6}.Release|Any CPU.Build.0 = Release|Any CPU
		{469F6284-E475-4697-ABDD-30FB0A40CDF5}.Debug|Any CPU.ActiveCfg = Debug|Any CPU
		{469F6284-E475-4697-ABDD-30FB0A40CDF5}.Debug|Any CPU.Build.0 = Debug|Any CPU
		{469F6284-E475-4697-ABDD-30FB0A40CDF5}.Release|Any CPU.ActiveCfg = Release|Any CPU
		{469F6284-E475-4697-ABDD-30FB0A40CDF5}.Release|Any CPU.Build.0 = Release|Any CPU
		{D8EFE6FD-7A74-42E1-B216-05F5DBC7C14F}.Debug|Any CPU.ActiveCfg = Debug|Any CPU
		{D8EFE6FD-7A74-42E1-B216-05F5DBC7C14F}.Debug|Any CPU.Build.0 = Debug|Any CPU
		{D8EFE6FD-7A74-42E1-B216-05F5DBC7C14F}.Release|Any CPU.ActiveCfg = Release|Any CPU
		{D8EFE6FD-7A74-42E1-B216-05F5DBC7C14F}.Release|Any CPU.Build.0 = Release|Any CPU
	EndGlobalSection
	GlobalSection(SolutionProperties) = preSolution
		HideSolutionNode = FALSE
	EndGlobalSection
	GlobalSection(ExtensibilityGlobals) = postSolution
		SolutionGuid = {6D7114F9-59EA-434E-81D6-7DA8ACBE6D54}
	EndGlobalSection
EndGlobal
